PODS:
  - StackedCollectionView (3.0.0)

DEPENDENCIES:
  - StackedCollectionView (from `../`)

EXTERNAL SOURCES:
  StackedCollectionView:
    :path: "../"

SPEC CHECKSUMS:
  StackedCollectionView: 38ea93408e2048309e293bcb71fff81f7cdbcb58

PODFILE CHECKSUM: 63eca1bfcca3b5ce681a61e75f376609b50aa40f

COCOAPODS: 1.6.0.beta.2
