// !$*UTF8*$!
{
	archiveVersion = 1;
	classes = {
	};
	objectVersion = 46;
	objects = {

/* Begin PBXBuildFile section */
		21CD464B3F373B7FD7906001 /* Pods_StackedCollectionView_Example.framework in Frameworks */ = {isa = PBXBuildFile; fileRef = 48332126A74F4DB8BE1AFBEB /* Pods_StackedCollectionView_Example.framework */; };
		607FACD61AFB9204008FA782 /* AppDelegate.swift in Sources */ = {isa = PBXBuildFile; fileRef = 607FACD51AFB9204008FA782 /* AppDelegate.swift */; };
		607FACDB1AFB9204008FA782 /* Main.storyboard in Resources */ = {isa = PBXBuildFile; fileRef = 607FACD91AFB9204008FA782 /* Main.storyboard */; };
		607FACDD1AFB9204008FA782 /* Images.xcassets in Resources */ = {isa = PBXBuildFile; fileRef = 607FACDC1AFB9204008FA782 /* Images.xcassets */; };
		607FACE01AFB9204008FA782 /* LaunchScreen.xib in Resources */ = {isa = PBXBuildFile; fileRef = 607FACDE1AFB9204008FA782 /* LaunchScreen.xib */; };
		A52060971EEFB60D002AB940 /* ViewController.swift in Sources */ = {isa = PBXBuildFile; fileRef = A58FAF681EEFB1790020A646 /* ViewController.swift */; };
		A52060981EEFB60D002AB940 /* CustomCollectionViewCell.swift in Sources */ = {isa = PBXBuildFile; fileRef = A58FAF881EEFB1D40020A646 /* CustomCollectionViewCell.swift */; };
		A52060991EEFB60D002AB940 /* CustomFlowLayout.swift in Sources */ = {isa = PBXBuildFile; fileRef = A58FAF891EEFB1D40020A646 /* CustomFlowLayout.swift */; };
		A520609A1EEFB60D002AB940 /* CustomTransitionAnimator.swift in Sources */ = {isa = PBXBuildFile; fileRef = A58FAF8B1EEFB1D40020A646 /* CustomTransitionAnimator.swift */; };
		A520609B1EEFB60D002AB940 /* ThumbnailView.swift in Sources */ = {isa = PBXBuildFile; fileRef = A58FAF8A1EEFB1D40020A646 /* ThumbnailView.swift */; };
		A520609C1EEFB611002AB940 /* Item.swift in Sources */ = {isa = PBXBuildFile; fileRef = A58FAF671EEFB11A0020A646 /* Item.swift */; };
		A5542B571F42C0C8009964E8 /* Agave.png in Resources */ = {isa = PBXBuildFile; fileRef = A5542B391F42C0C8009964E8 /* Agave.png */; };
		A5542B581F42C0C8009964E8 /* Aurora.png in Resources */ = {isa = PBXBuildFile; fileRef = A5542B3A1F42C0C8009964E8 /* Aurora.png */; };
		A5542B591F42C0C9009964E8 /* Autumn Branch.png in Resources */ = {isa = PBXBuildFile; fileRef = A5542B3B1F42C0C8009964E8 /* Autumn Branch.png */; };
		A5542B5A1F42C0C9009964E8 /* Big Wave.png in Resources */ = {isa = PBXBuildFile; fileRef = A5542B3C1F42C0C8009964E8 /* Big Wave.png */; };
		A5542B5B1F42C0C9009964E8 /* Chameleon.png in Resources */ = {isa = PBXBuildFile; fileRef = A5542B3D1F42C0C8009964E8 /* Chameleon.png */; };
		A5542B5C1F42C0C9009964E8 /* Depths.png in Resources */ = {isa = PBXBuildFile; fileRef = A5542B3E1F42C0C8009964E8 /* Depths.png */; };
		A5542B5D1F42C0C9009964E8 /* Eiffel Tower.png in Resources */ = {isa = PBXBuildFile; fileRef = A5542B3F1F42C0C8009964E8 /* Eiffel Tower.png */; };
		A5542B5E1F42C0C9009964E8 /* Evening Light.png in Resources */ = {isa = PBXBuildFile; fileRef = A5542B401F42C0C8009964E8 /* Evening Light.png */; };
		A5542B5F1F42C0C9009964E8 /* Forest Pillars.png in Resources */ = {isa = PBXBuildFile; fileRef = A5542B411F42C0C8009964E8 /* Forest Pillars.png */; };
		A5542B601F42C0C9009964E8 /* Galaxy.png in Resources */ = {isa = PBXBuildFile; fileRef = A5542B421F42C0C8009964E8 /* Galaxy.png */; };
		A5542B611F42C0C9009964E8 /* Golden Leaf.png in Resources */ = {isa = PBXBuildFile; fileRef = A5542B431F42C0C8009964E8 /* Golden Leaf.png */; };
		A5542B621F42C0C9009964E8 /* Golden Yellow.png in Resources */ = {isa = PBXBuildFile; fileRef = A5542B441F42C0C8009964E8 /* Golden Yellow.png */; };
		A5542B631F42C0C9009964E8 /* Grapevine.png in Resources */ = {isa = PBXBuildFile; fileRef = A5542B451F42C0C8009964E8 /* Grapevine.png */; };
		A5542B641F42C0C9009964E8 /* Ice Caps.png in Resources */ = {isa = PBXBuildFile; fileRef = A5542B461F42C0C8009964E8 /* Ice Caps.png */; };
		A5542B651F42C0C9009964E8 /* Lava.png in Resources */ = {isa = PBXBuildFile; fileRef = A5542B471F42C0C8009964E8 /* Lava.png */; };
		A5542B661F42C0C9009964E8 /* Layers.png in Resources */ = {isa = PBXBuildFile; fileRef = A5542B481F42C0C8009964E8 /* Layers.png */; };
		A5542B671F42C0C9009964E8 /* Leaf.png in Resources */ = {isa = PBXBuildFile; fileRef = A5542B491F42C0C8009964E8 /* Leaf.png */; };
		A5542B681F42C0C9009964E8 /* Lost.png in Resources */ = {isa = PBXBuildFile; fileRef = A5542B4A1F42C0C8009964E8 /* Lost.png */; };
		A5542B691F42C0C9009964E8 /* Manarola.png in Resources */ = {isa = PBXBuildFile; fileRef = A5542B4B1F42C0C8009964E8 /* Manarola.png */; };
		A5542B6A1F42C0C9009964E8 /* Miami.png in Resources */ = {isa = PBXBuildFile; fileRef = A5542B4C1F42C0C8009964E8 /* Miami.png */; };
		A5542B6B1F42C0C9009964E8 /* Nebula.png in Resources */ = {isa = PBXBuildFile; fileRef = A5542B4D1F42C0C8009964E8 /* Nebula.png */; };
		A5542B6C1F42C0C9009964E8 /* Pink.png in Resources */ = {isa = PBXBuildFile; fileRef = A5542B4E1F42C0C8009964E8 /* Pink.png */; };
		A5542B6D1F42C0C9009964E8 /* Red Sky.png in Resources */ = {isa = PBXBuildFile; fileRef = A5542B4F1F42C0C8009964E8 /* Red Sky.png */; };
		A5542B6E1F42C0C9009964E8 /* Rose.png in Resources */ = {isa = PBXBuildFile; fileRef = A5542B501F42C0C8009964E8 /* Rose.png */; };
		A5542B6F1F42C0C9009964E8 /* Spectrum Pier.png in Resources */ = {isa = PBXBuildFile; fileRef = A5542B511F42C0C8009964E8 /* Spectrum Pier.png */; };
		A5542B701F42C0C9009964E8 /* Sunshine Lime.png in Resources */ = {isa = PBXBuildFile; fileRef = A5542B521F42C0C8009964E8 /* Sunshine Lime.png */; };
		A5542B711F42C0C9009964E8 /* Winding River.png in Resources */ = {isa = PBXBuildFile; fileRef = A5542B531F42C0C8009964E8 /* Winding River.png */; };
		A5542B721F42C0C9009964E8 /* Woods.png in Resources */ = {isa = PBXBuildFile; fileRef = A5542B541F42C0C8009964E8 /* Woods.png */; };
		A5542B731F42C0C9009964E8 /* Yacht.png in Resources */ = {isa = PBXBuildFile; fileRef = A5542B551F42C0C8009964E8 /* Yacht.png */; };
		A5542B741F42C0C9009964E8 /* Yellow Green.png in Resources */ = {isa = PBXBuildFile; fileRef = A5542B561F42C0C8009964E8 /* Yellow Green.png */; };
		A58CDFA21F3D11B9008197A2 /* Constants.swift in Sources */ = {isa = PBXBuildFile; fileRef = A58CDFA11F3D11B9008197A2 /* Constants.swift */; };
/* End PBXBuildFile section */

/* Begin PBXFileReference section */
		0B6F72293BE15548F8D3D0D5 /* Pods-StackedCollectionView_Example.debug.xcconfig */ = {isa = PBXFileReference; includeInIndex = 1; lastKnownFileType = text.xcconfig; name = "Pods-StackedCollectionView_Example.debug.xcconfig"; path = "Pods/Target Support Files/Pods-StackedCollectionView_Example/Pods-StackedCollectionView_Example.debug.xcconfig"; sourceTree = "<group>"; };
		14BF44BC17A1216D66716F37 /* LICENSE */ = {isa = PBXFileReference; includeInIndex = 1; lastKnownFileType = text; name = LICENSE; path = ../LICENSE; sourceTree = "<group>"; };
		48332126A74F4DB8BE1AFBEB /* Pods_StackedCollectionView_Example.framework */ = {isa = PBXFileReference; explicitFileType = wrapper.framework; includeInIndex = 0; path = Pods_StackedCollectionView_Example.framework; sourceTree = BUILT_PRODUCTS_DIR; };
		607FACD01AFB9204008FA782 /* StackedCollectionView_Example.app */ = {isa = PBXFileReference; explicitFileType = wrapper.application; includeInIndex = 0; path = StackedCollectionView_Example.app; sourceTree = BUILT_PRODUCTS_DIR; };
		607FACD41AFB9204008FA782 /* Info.plist */ = {isa = PBXFileReference; lastKnownFileType = text.plist.xml; path = Info.plist; sourceTree = "<group>"; };
		607FACD51AFB9204008FA782 /* AppDelegate.swift */ = {isa = PBXFileReference; lastKnownFileType = sourcecode.swift; path = AppDelegate.swift; sourceTree = "<group>"; };
		607FACDA1AFB9204008FA782 /* Base */ = {isa = PBXFileReference; lastKnownFileType = file.storyboard; name = Base; path = Base.lproj/Main.storyboard; sourceTree = "<group>"; };
		607FACDC1AFB9204008FA782 /* Images.xcassets */ = {isa = PBXFileReference; lastKnownFileType = folder.assetcatalog; path = Images.xcassets; sourceTree = "<group>"; };
		607FACDF1AFB9204008FA782 /* Base */ = {isa = PBXFileReference; lastKnownFileType = file.xib; name = Base; path = Base.lproj/LaunchScreen.xib; sourceTree = "<group>"; };
		729F4B5BA47F68754FFF4A0C /* StackedCollectionView.podspec */ = {isa = PBXFileReference; includeInIndex = 1; lastKnownFileType = text; name = StackedCollectionView.podspec; path = ../StackedCollectionView.podspec; sourceTree = "<group>"; };
		8CE4292995C01433B489AF42 /* Pods-StackedCollectionView_Example.release.xcconfig */ = {isa = PBXFileReference; includeInIndex = 1; lastKnownFileType = text.xcconfig; name = "Pods-StackedCollectionView_Example.release.xcconfig"; path = "Pods/Target Support Files/Pods-StackedCollectionView_Example/Pods-StackedCollectionView_Example.release.xcconfig"; sourceTree = "<group>"; };
		A5542B391F42C0C8009964E8 /* Agave.png */ = {isa = PBXFileReference; lastKnownFileType = image.png; path = Agave.png; sourceTree = "<group>"; };
		A5542B3A1F42C0C8009964E8 /* Aurora.png */ = {isa = PBXFileReference; lastKnownFileType = image.png; path = Aurora.png; sourceTree = "<group>"; };
		A5542B3B1F42C0C8009964E8 /* Autumn Branch.png */ = {isa = PBXFileReference; lastKnownFileType = image.png; path = "Autumn Branch.png"; sourceTree = "<group>"; };
		A5542B3C1F42C0C8009964E8 /* Big Wave.png */ = {isa = PBXFileReference; lastKnownFileType = image.png; path = "Big Wave.png"; sourceTree = "<group>"; };
		A5542B3D1F42C0C8009964E8 /* Chameleon.png */ = {isa = PBXFileReference; lastKnownFileType = image.png; path = Chameleon.png; sourceTree = "<group>"; };
		A5542B3E1F42C0C8009964E8 /* Depths.png */ = {isa = PBXFileReference; lastKnownFileType = image.png; path = Depths.png; sourceTree = "<group>"; };
		A5542B3F1F42C0C8009964E8 /* Eiffel Tower.png */ = {isa = PBXFileReference; lastKnownFileType = image.png; path = "Eiffel Tower.png"; sourceTree = "<group>"; };
		A5542B401F42C0C8009964E8 /* Evening Light.png */ = {isa = PBXFileReference; lastKnownFileType = image.png; path = "Evening Light.png"; sourceTree = "<group>"; };
		A5542B411F42C0C8009964E8 /* Forest Pillars.png */ = {isa = PBXFileReference; lastKnownFileType = image.png; path = "Forest Pillars.png"; sourceTree = "<group>"; };
		A5542B421F42C0C8009964E8 /* Galaxy.png */ = {isa = PBXFileReference; lastKnownFileType = image.png; path = Galaxy.png; sourceTree = "<group>"; };
		A5542B431F42C0C8009964E8 /* Golden Leaf.png */ = {isa = PBXFileReference; lastKnownFileType = image.png; path = "Golden Leaf.png"; sourceTree = "<group>"; };
		A5542B441F42C0C8009964E8 /* Golden Yellow.png */ = {isa = PBXFileReference; lastKnownFileType = image.png; path = "Golden Yellow.png"; sourceTree = "<group>"; };
		A5542B451F42C0C8009964E8 /* Grapevine.png */ = {isa = PBXFileReference; lastKnownFileType = image.png; path = Grapevine.png; sourceTree = "<group>"; };
		A5542B461F42C0C8009964E8 /* Ice Caps.png */ = {isa = PBXFileReference; lastKnownFileType = image.png; path = "Ice Caps.png"; sourceTree = "<group>"; };
		A5542B471F42C0C8009964E8 /* Lava.png */ = {isa = PBXFileReference; lastKnownFileType = image.png; path = Lava.png; sourceTree = "<group>"; };
		A5542B481F42C0C8009964E8 /* Layers.png */ = {isa = PBXFileReference; lastKnownFileType = image.png; path = Layers.png; sourceTree = "<group>"; };
		A5542B491F42C0C8009964E8 /* Leaf.png */ = {isa = PBXFileReference; lastKnownFileType = image.png; path = Leaf.png; sourceTree = "<group>"; };
		A5542B4A1F42C0C8009964E8 /* Lost.png */ = {isa = PBXFileReference; lastKnownFileType = image.png; path = Lost.png; sourceTree = "<group>"; };
		A5542B4B1F42C0C8009964E8 /* Manarola.png */ = {isa = PBXFileReference; lastKnownFileType = image.png; path = Manarola.png; sourceTree = "<group>"; };
		A5542B4C1F42C0C8009964E8 /* Miami.png */ = {isa = PBXFileReference; lastKnownFileType = image.png; path = Miami.png; sourceTree = "<group>"; };
		A5542B4D1F42C0C8009964E8 /* Nebula.png */ = {isa = PBXFileReference; lastKnownFileType = image.png; path = Nebula.png; sourceTree = "<group>"; };
		A5542B4E1F42C0C8009964E8 /* Pink.png */ = {isa = PBXFileReference; lastKnownFileType = image.png; path = Pink.png; sourceTree = "<group>"; };
		A5542B4F1F42C0C8009964E8 /* Red Sky.png */ = {isa = PBXFileReference; lastKnownFileType = image.png; path = "Red Sky.png"; sourceTree = "<group>"; };
		A5542B501F42C0C8009964E8 /* Rose.png */ = {isa = PBXFileReference; lastKnownFileType = image.png; path = Rose.png; sourceTree = "<group>"; };
		A5542B511F42C0C8009964E8 /* Spectrum Pier.png */ = {isa = PBXFileReference; lastKnownFileType = image.png; path = "Spectrum Pier.png"; sourceTree = "<group>"; };
		A5542B521F42C0C8009964E8 /* Sunshine Lime.png */ = {isa = PBXFileReference; lastKnownFileType = image.png; path = "Sunshine Lime.png"; sourceTree = "<group>"; };
		A5542B531F42C0C8009964E8 /* Winding River.png */ = {isa = PBXFileReference; lastKnownFileType = image.png; path = "Winding River.png"; sourceTree = "<group>"; };
		A5542B541F42C0C8009964E8 /* Woods.png */ = {isa = PBXFileReference; lastKnownFileType = image.png; path = Woods.png; sourceTree = "<group>"; };
		A5542B551F42C0C8009964E8 /* Yacht.png */ = {isa = PBXFileReference; lastKnownFileType = image.png; path = Yacht.png; sourceTree = "<group>"; };
		A5542B561F42C0C8009964E8 /* Yellow Green.png */ = {isa = PBXFileReference; lastKnownFileType = image.png; path = "Yellow Green.png"; sourceTree = "<group>"; };
		A58CDFA11F3D11B9008197A2 /* Constants.swift */ = {isa = PBXFileReference; fileEncoding = 4; lastKnownFileType = sourcecode.swift; path = Constants.swift; sourceTree = "<group>"; };
		A58FAF671EEFB11A0020A646 /* Item.swift */ = {isa = PBXFileReference; lastKnownFileType = sourcecode.swift; path = Item.swift; sourceTree = "<group>"; };
		A58FAF681EEFB1790020A646 /* ViewController.swift */ = {isa = PBXFileReference; lastKnownFileType = sourcecode.swift; path = ViewController.swift; sourceTree = "<group>"; };
		A58FAF881EEFB1D40020A646 /* CustomCollectionViewCell.swift */ = {isa = PBXFileReference; lastKnownFileType = sourcecode.swift; path = CustomCollectionViewCell.swift; sourceTree = "<group>"; };
		A58FAF891EEFB1D40020A646 /* CustomFlowLayout.swift */ = {isa = PBXFileReference; lastKnownFileType = sourcecode.swift; path = CustomFlowLayout.swift; sourceTree = "<group>"; };
		A58FAF8A1EEFB1D40020A646 /* ThumbnailView.swift */ = {isa = PBXFileReference; lastKnownFileType = sourcecode.swift; path = ThumbnailView.swift; sourceTree = "<group>"; };
		A58FAF8B1EEFB1D40020A646 /* CustomTransitionAnimator.swift */ = {isa = PBXFileReference; lastKnownFileType = sourcecode.swift; path = CustomTransitionAnimator.swift; sourceTree = "<group>"; };
		FB1CAA74B82C99EB7D54B7FA /* README.md */ = {isa = PBXFileReference; includeInIndex = 1; lastKnownFileType = net.daringfireball.markdown; name = README.md; path = ../README.md; sourceTree = "<group>"; };
/* End PBXFileReference section */

/* Begin PBXFrameworksBuildPhase section */
		607FACCD1AFB9204008FA782 /* Frameworks */ = {
			isa = PBXFrameworksBuildPhase;
			buildActionMask = 2147483647;
			files = (
				21CD464B3F373B7FD7906001 /* Pods_StackedCollectionView_Example.framework in Frameworks */,
			);
			runOnlyForDeploymentPostprocessing = 0;
		};
/* End PBXFrameworksBuildPhase section */

/* Begin PBXGroup section */
		10D5C44A7DDA8AFCE87575FC /* Frameworks */ = {
			isa = PBXGroup;
			children = (
				48332126A74F4DB8BE1AFBEB /* Pods_StackedCollectionView_Example.framework */,
			);
			name = Frameworks;
			sourceTree = "<group>";
		};
		1CC363DBAC52F0F1C58CC74F /* Pods */ = {
			isa = PBXGroup;
			children = (
				0B6F72293BE15548F8D3D0D5 /* Pods-StackedCollectionView_Example.debug.xcconfig */,
				8CE4292995C01433B489AF42 /* Pods-StackedCollectionView_Example.release.xcconfig */,
			);
			name = Pods;
			sourceTree = "<group>";
		};
		607FACC71AFB9204008FA782 = {
			isa = PBXGroup;
			children = (
				607FACF51AFB993E008FA782 /* Podspec Metadata */,
				607FACD21AFB9204008FA782 /* Example for StackedCollectionView */,
				607FACD11AFB9204008FA782 /* Products */,
				1CC363DBAC52F0F1C58CC74F /* Pods */,
				10D5C44A7DDA8AFCE87575FC /* Frameworks */,
			);
			sourceTree = "<group>";
		};
		607FACD11AFB9204008FA782 /* Products */ = {
			isa = PBXGroup;
			children = (
				607FACD01AFB9204008FA782 /* StackedCollectionView_Example.app */,
			);
			name = Products;
			sourceTree = "<group>";
		};
		607FACD21AFB9204008FA782 /* Example for StackedCollectionView */ = {
			isa = PBXGroup;
			children = (
				A58CDFA11F3D11B9008197A2 /* Constants.swift */,
				607FACD51AFB9204008FA782 /* AppDelegate.swift */,
				A58FAF681EEFB1790020A646 /* ViewController.swift */,
				A58FAF881EEFB1D40020A646 /* CustomCollectionViewCell.swift */,
				A58FAF891EEFB1D40020A646 /* CustomFlowLayout.swift */,
				A58FAF8B1EEFB1D40020A646 /* CustomTransitionAnimator.swift */,
				A58FAF8A1EEFB1D40020A646 /* ThumbnailView.swift */,
				A58FAF661EEFB0E20020A646 /* Model */,
				607FACD31AFB9204008FA782 /* Supporting Files */,
			);
			name = "Example for StackedCollectionView";
			path = StackedCollectionView;
			sourceTree = "<group>";
		};
		607FACD31AFB9204008FA782 /* Supporting Files */ = {
			isa = PBXGroup;
			children = (
				A5542B381F42C0C8009964E8 /* Images */,
				607FACDC1AFB9204008FA782 /* Images.xcassets */,
				607FACD91AFB9204008FA782 /* Main.storyboard */,
				607FACDE1AFB9204008FA782 /* LaunchScreen.xib */,
				607FACD41AFB9204008FA782 /* Info.plist */,
			);
			name = "Supporting Files";
			sourceTree = "<group>";
		};
		607FACF51AFB993E008FA782 /* Podspec Metadata */ = {
			isa = PBXGroup;
			children = (
				729F4B5BA47F68754FFF4A0C /* StackedCollectionView.podspec */,
				FB1CAA74B82C99EB7D54B7FA /* README.md */,
				14BF44BC17A1216D66716F37 /* LICENSE */,
			);
			name = "Podspec Metadata";
			sourceTree = "<group>";
		};
		A5542B381F42C0C8009964E8 /* Images */ = {
			isa = PBXGroup;
			children = (
				A5542B391F42C0C8009964E8 /* Agave.png */,
				A5542B3A1F42C0C8009964E8 /* Aurora.png */,
				A5542B3B1F42C0C8009964E8 /* Autumn Branch.png */,
				A5542B3C1F42C0C8009964E8 /* Big Wave.png */,
				A5542B3D1F42C0C8009964E8 /* Chameleon.png */,
				A5542B3E1F42C0C8009964E8 /* Depths.png */,
				A5542B3F1F42C0C8009964E8 /* Eiffel Tower.png */,
				A5542B401F42C0C8009964E8 /* Evening Light.png */,
				A5542B411F42C0C8009964E8 /* Forest Pillars.png */,
				A5542B421F42C0C8009964E8 /* Galaxy.png */,
				A5542B431F42C0C8009964E8 /* Golden Leaf.png */,
				A5542B441F42C0C8009964E8 /* Golden Yellow.png */,
				A5542B451F42C0C8009964E8 /* Grapevine.png */,
				A5542B461F42C0C8009964E8 /* Ice Caps.png */,
				A5542B471F42C0C8009964E8 /* Lava.png */,
				A5542B481F42C0C8009964E8 /* Layers.png */,
				A5542B491F42C0C8009964E8 /* Leaf.png */,
				A5542B4A1F42C0C8009964E8 /* Lost.png */,
				A5542B4B1F42C0C8009964E8 /* Manarola.png */,
				A5542B4C1F42C0C8009964E8 /* Miami.png */,
				A5542B4D1F42C0C8009964E8 /* Nebula.png */,
				A5542B4E1F42C0C8009964E8 /* Pink.png */,
				A5542B4F1F42C0C8009964E8 /* Red Sky.png */,
				A5542B501F42C0C8009964E8 /* Rose.png */,
				A5542B511F42C0C8009964E8 /* Spectrum Pier.png */,
				A5542B521F42C0C8009964E8 /* Sunshine Lime.png */,
				A5542B531F42C0C8009964E8 /* Winding River.png */,
				A5542B541F42C0C8009964E8 /* Woods.png */,
				A5542B551F42C0C8009964E8 /* Yacht.png */,
				A5542B561F42C0C8009964E8 /* Yellow Green.png */,
			);
			name = Images;
			path = StackedCollectionView/Images;
			sourceTree = SOURCE_ROOT;
		};
		A58FAF661EEFB0E20020A646 /* Model */ = {
			isa = PBXGroup;
			children = (
				A58FAF671EEFB11A0020A646 /* Item.swift */,
			);
			path = Model;
			sourceTree = "<group>";
		};
/* End PBXGroup section */

/* Begin PBXNativeTarget section */
		607FACCF1AFB9204008FA782 /* StackedCollectionView_Example */ = {
			isa = PBXNativeTarget;
			buildConfigurationList = 607FACEF1AFB9204008FA782 /* Build configuration list for PBXNativeTarget "StackedCollectionView_Example" */;
			buildPhases = (
				337FF441854AE26C6B73ADC0 /* [CP] Check Pods Manifest.lock */,
				607FACCC1AFB9204008FA782 /* Sources */,
				607FACCD1AFB9204008FA782 /* Frameworks */,
				607FACCE1AFB9204008FA782 /* Resources */,
				4DEA6489F22FFE7C7D985A98 /* [CP] Embed Pods Frameworks */,
				D1AE65D57779D568662DB7E7 /* [CP] Copy Pods Resources */,
			);
			buildRules = (
			);
			dependencies = (
			);
			name = StackedCollectionView_Example;
			productName = StackedCollectionView;
			productReference = 607FACD01AFB9204008FA782 /* StackedCollectionView_Example.app */;
			productType = "com.apple.product-type.application";
		};
/* End PBXNativeTarget section */

/* Begin PBXProject section */
		607FACC81AFB9204008FA782 /* Project object */ = {
			isa = PBXProject;
			attributes = {
				LastSwiftUpdateCheck = 0720;
				LastUpgradeCheck = 0900;
				ORGANIZATIONNAME = CocoaPods;
				TargetAttributes = {
					607FACCF1AFB9204008FA782 = {
						CreatedOnToolsVersion = 6.3.1;
						DevelopmentTeam = B34U9MBMKJ;
						LastSwiftMigration = 0910;
					};
				};
			};
			buildConfigurationList = 607FACCB1AFB9204008FA782 /* Build configuration list for PBXProject "StackedCollectionView" */;
			compatibilityVersion = "Xcode 3.2";
			developmentRegion = English;
			hasScannedForEncodings = 0;
			knownRegions = (
				en,
				Base,
			);
			mainGroup = 607FACC71AFB9204008FA782;
			productRefGroup = 607FACD11AFB9204008FA782 /* Products */;
			projectDirPath = "";
			projectRoot = "";
			targets = (
				607FACCF1AFB9204008FA782 /* StackedCollectionView_Example */,
			);
		};
/* End PBXProject section */

/* Begin PBXResourcesBuildPhase section */
		607FACCE1AFB9204008FA782 /* Resources */ = {
			isa = PBXResourcesBuildPhase;
			buildActionMask = 2147483647;
			files = (
				A5542B6E1F42C0C9009964E8 /* Rose.png in Resources */,
				A5542B5A1F42C0C9009964E8 /* Big Wave.png in Resources */,
				A5542B631F42C0C9009964E8 /* Grapevine.png in Resources */,
				A5542B6C1F42C0C9009964E8 /* Pink.png in Resources */,
				A5542B6A1F42C0C9009964E8 /* Miami.png in Resources */,
				A5542B691F42C0C9009964E8 /* Manarola.png in Resources */,
				A5542B6B1F42C0C9009964E8 /* Nebula.png in Resources */,
				A5542B661F42C0C9009964E8 /* Layers.png in Resources */,
				A5542B581F42C0C8009964E8 /* Aurora.png in Resources */,
				A5542B571F42C0C8009964E8 /* Agave.png in Resources */,
				A5542B711F42C0C9009964E8 /* Winding River.png in Resources */,
				A5542B5F1F42C0C9009964E8 /* Forest Pillars.png in Resources */,
				A5542B5D1F42C0C9009964E8 /* Eiffel Tower.png in Resources */,
				A5542B671F42C0C9009964E8 /* Leaf.png in Resources */,
				A5542B721F42C0C9009964E8 /* Woods.png in Resources */,
				A5542B621F42C0C9009964E8 /* Golden Yellow.png in Resources */,
				A5542B681F42C0C9009964E8 /* Lost.png in Resources */,
				A5542B6F1F42C0C9009964E8 /* Spectrum Pier.png in Resources */,
				A5542B601F42C0C9009964E8 /* Galaxy.png in Resources */,
				A5542B641F42C0C9009964E8 /* Ice Caps.png in Resources */,
				A5542B651F42C0C9009964E8 /* Lava.png in Resources */,
				A5542B731F42C0C9009964E8 /* Yacht.png in Resources */,
				A5542B591F42C0C9009964E8 /* Autumn Branch.png in Resources */,
				A5542B5E1F42C0C9009964E8 /* Evening Light.png in Resources */,
				A5542B5B1F42C0C9009964E8 /* Chameleon.png in Resources */,
				607FACDB1AFB9204008FA782 /* Main.storyboard in Resources */,
				A5542B741F42C0C9009964E8 /* Yellow Green.png in Resources */,
				607FACE01AFB9204008FA782 /* LaunchScreen.xib in Resources */,
				A5542B6D1F42C0C9009964E8 /* Red Sky.png in Resources */,
				A5542B611F42C0C9009964E8 /* Golden Leaf.png in Resources */,
				A5542B5C1F42C0C9009964E8 /* Depths.png in Resources */,
				A5542B701F42C0C9009964E8 /* Sunshine Lime.png in Resources */,
				607FACDD1AFB9204008FA782 /* Images.xcassets in Resources */,
			);
			runOnlyForDeploymentPostprocessing = 0;
		};
/* End PBXResourcesBuildPhase section */

/* Begin PBXShellScriptBuildPhase section */
		337FF441854AE26C6B73ADC0 /* [CP] Check Pods Manifest.lock */ = {
			isa = PBXShellScriptBuildPhase;
			buildActionMask = 2147483647;
			files = (
			);
			inputPaths = (
			);
			name = "[CP] Check Pods Manifest.lock";
			outputPaths = (
			);
			runOnlyForDeploymentPostprocessing = 0;
			shellPath = /bin/sh;
			shellScript = "diff \"${PODS_PODFILE_DIR_PATH}/Podfile.lock\" \"${PODS_ROOT}/Manifest.lock\" > /dev/null\nif [ $? != 0 ] ; then\n    # print error to STDERR\n    echo \"error: The sandbox is not in sync with the Podfile.lock. Run 'pod install' or update your CocoaPods installation.\" >&2\n    exit 1\nfi\n";
			showEnvVarsInLog = 0;
		};
		4DEA6489F22FFE7C7D985A98 /* [CP] Embed Pods Frameworks */ = {
			isa = PBXShellScriptBuildPhase;
			buildActionMask = 2147483647;
			files = (
			);
			inputPaths = (
			);
			name = "[CP] Embed Pods Frameworks";
			outputPaths = (
			);
			runOnlyForDeploymentPostprocessing = 0;
			shellPath = /bin/sh;
			shellScript = "\"${SRCROOT}/Pods/Target Support Files/Pods-StackedCollectionView_Example/Pods-StackedCollectionView_Example-frameworks.sh\"\n";
			showEnvVarsInLog = 0;
		};
		D1AE65D57779D568662DB7E7 /* [CP] Copy Pods Resources */ = {
			isa = PBXShellScriptBuildPhase;
			buildActionMask = 2147483647;
			files = (
			);
			inputPaths = (
			);
			name = "[CP] Copy Pods Resources";
			outputPaths = (
			);
			runOnlyForDeploymentPostprocessing = 0;
			shellPath = /bin/sh;
			shellScript = "\"${SRCROOT}/Pods/Target Support Files/Pods-StackedCollectionView_Example/Pods-StackedCollectionView_Example-resources.sh\"\n";
			showEnvVarsInLog = 0;
		};
/* End PBXShellScriptBuildPhase section */

/* Begin PBXSourcesBuildPhase section */
		607FACCC1AFB9204008FA782 /* Sources */ = {
			isa = PBXSourcesBuildPhase;
			buildActionMask = 2147483647;
			files = (
				A52060971EEFB60D002AB940 /* ViewController.swift in Sources */,
				A52060981EEFB60D002AB940 /* CustomCollectionViewCell.swift in Sources */,
				A520609A1EEFB60D002AB940 /* CustomTransitionAnimator.swift in Sources */,
				A520609B1EEFB60D002AB940 /* ThumbnailView.swift in Sources */,
				A520609C1EEFB611002AB940 /* Item.swift in Sources */,
				A52060991EEFB60D002AB940 /* CustomFlowLayout.swift in Sources */,
				607FACD61AFB9204008FA782 /* AppDelegate.swift in Sources */,
				A58CDFA21F3D11B9008197A2 /* Constants.swift in Sources */,
			);
			runOnlyForDeploymentPostprocessing = 0;
		};
/* End PBXSourcesBuildPhase section */

/* Begin PBXVariantGroup section */
		607FACD91AFB9204008FA782 /* Main.storyboard */ = {
			isa = PBXVariantGroup;
			children = (
				607FACDA1AFB9204008FA782 /* Base */,
			);
			name = Main.storyboard;
			sourceTree = "<group>";
		};
		607FACDE1AFB9204008FA782 /* LaunchScreen.xib */ = {
			isa = PBXVariantGroup;
			children = (
				607FACDF1AFB9204008FA782 /* Base */,
			);
			name = LaunchScreen.xib;
			sourceTree = "<group>";
		};
/* End PBXVariantGroup section */

/* Begin XCBuildConfiguration section */
		607FACED1AFB9204008FA782 /* Debug */ = {
			isa = XCBuildConfiguration;
			buildSettings = {
				ALWAYS_SEARCH_USER_PATHS = NO;
				CLANG_CXX_LANGUAGE_STANDARD = "gnu++0x";
				CLANG_CXX_LIBRARY = "libc++";
				CLANG_ENABLE_MODULES = YES;
				CLANG_ENABLE_OBJC_ARC = YES;
				CLANG_WARN_BLOCK_CAPTURE_AUTORELEASING = YES;
				CLANG_WARN_BOOL_CONVERSION = YES;
				CLANG_WARN_COMMA = YES;
				CLANG_WARN_CONSTANT_CONVERSION = YES;
				CLANG_WARN_DIRECT_OBJC_ISA_USAGE = YES_ERROR;
				CLANG_WARN_EMPTY_BODY = YES;
				CLANG_WARN_ENUM_CONVERSION = YES;
				CLANG_WARN_INFINITE_RECURSION = YES;
				CLANG_WARN_INT_CONVERSION = YES;
				CLANG_WARN_NON_LITERAL_NULL_CONVERSION = YES;
				CLANG_WARN_OBJC_LITERAL_CONVERSION = YES;
				CLANG_WARN_OBJC_ROOT_CLASS = YES_ERROR;
				CLANG_WARN_RANGE_LOOP_ANALYSIS = YES;
				CLANG_WARN_STRICT_PROTOTYPES = YES;
				CLANG_WARN_SUSPICIOUS_MOVE = YES;
				CLANG_WARN_UNREACHABLE_CODE = YES;
				CLANG_WARN__DUPLICATE_METHOD_MATCH = YES;
				"CODE_SIGN_IDENTITY[sdk=iphoneos*]" = "iPhone Developer";
				COPY_PHASE_STRIP = NO;
				DEBUG_INFORMATION_FORMAT = "dwarf-with-dsym";
				ENABLE_STRICT_OBJC_MSGSEND = YES;
				ENABLE_TESTABILITY = YES;
				GCC_C_LANGUAGE_STANDARD = gnu99;
				GCC_DYNAMIC_NO_PIC = NO;
				GCC_NO_COMMON_BLOCKS = YES;
				GCC_OPTIMIZATION_LEVEL = 0;
				GCC_PREPROCESSOR_DEFINITIONS = (
					"DEBUG=1",
					"$(inherited)",
				);
				GCC_SYMBOLS_PRIVATE_EXTERN = NO;
				GCC_WARN_64_TO_32_BIT_CONVERSION = YES;
				GCC_WARN_ABOUT_RETURN_TYPE = YES_ERROR;
				GCC_WARN_UNDECLARED_SELECTOR = YES;
				GCC_WARN_UNINITIALIZED_AUTOS = YES_AGGRESSIVE;
				GCC_WARN_UNUSED_FUNCTION = YES;
				GCC_WARN_UNUSED_VARIABLE = YES;
				IPHONEOS_DEPLOYMENT_TARGET = 9.0;
				MTL_ENABLE_DEBUG_INFO = YES;
				ONLY_ACTIVE_ARCH = YES;
				SDKROOT = iphoneos;
				SWIFT_OPTIMIZATION_LEVEL = "-Onone";
			};
			name = Debug;
		};
		607FACEE1AFB9204008FA782 /* Release */ = {
			isa = XCBuildConfiguration;
			buildSettings = {
				ALWAYS_SEARCH_USER_PATHS = NO;
				CLANG_CXX_LANGUAGE_STANDARD = "gnu++0x";
				CLANG_CXX_LIBRARY = "libc++";
				CLANG_ENABLE_MODULES = YES;
				CLANG_ENABLE_OBJC_ARC = YES;
				CLANG_WARN_BLOCK_CAPTURE_AUTORELEASING = YES;
				CLANG_WARN_BOOL_CONVERSION = YES;
				CLANG_WARN_COMMA = YES;
				CLANG_WARN_CONSTANT_CONVERSION = YES;
				CLANG_WARN_DIRECT_OBJC_ISA_USAGE = YES_ERROR;
				CLANG_WARN_EMPTY_BODY = YES;
				CLANG_WARN_ENUM_CONVERSION = YES;
				CLANG_WARN_INFINITE_RECURSION = YES;
				CLANG_WARN_INT_CONVERSION = YES;
				CLANG_WARN_NON_LITERAL_NULL_CONVERSION = YES;
				CLANG_WARN_OBJC_LITERAL_CONVERSION = YES;
				CLANG_WARN_OBJC_ROOT_CLASS = YES_ERROR;
				CLANG_WARN_RANGE_LOOP_ANALYSIS = YES;
				CLANG_WARN_STRICT_PROTOTYPES = YES;
				CLANG_WARN_SUSPICIOUS_MOVE = YES;
				CLANG_WARN_UNREACHABLE_CODE = YES;
				CLANG_WARN__DUPLICATE_METHOD_MATCH = YES;
				"CODE_SIGN_IDENTITY[sdk=iphoneos*]" = "iPhone Developer";
				COPY_PHASE_STRIP = NO;
				DEBUG_INFORMATION_FORMAT = "dwarf-with-dsym";
				ENABLE_NS_ASSERTIONS = NO;
				ENABLE_STRICT_OBJC_MSGSEND = YES;
				GCC_C_LANGUAGE_STANDARD = gnu99;
				GCC_NO_COMMON_BLOCKS = YES;
				GCC_WARN_64_TO_32_BIT_CONVERSION = YES;
				GCC_WARN_ABOUT_RETURN_TYPE = YES_ERROR;
				GCC_WARN_UNDECLARED_SELECTOR = YES;
				GCC_WARN_UNINITIALIZED_AUTOS = YES_AGGRESSIVE;
				GCC_WARN_UNUSED_FUNCTION = YES;
				GCC_WARN_UNUSED_VARIABLE = YES;
				IPHONEOS_DEPLOYMENT_TARGET = 9.0;
				MTL_ENABLE_DEBUG_INFO = NO;
				SDKROOT = iphoneos;
				SWIFT_OPTIMIZATION_LEVEL = "-Owholemodule";
				VALIDATE_PRODUCT = YES;
			};
			name = Release;
		};
		607FACF01AFB9204008FA782 /* Debug */ = {
			isa = XCBuildConfiguration;
			baseConfigurationReference = 0B6F72293BE15548F8D3D0D5 /* Pods-StackedCollectionView_Example.debug.xcconfig */;
			buildSettings = {
				ASSETCATALOG_COMPILER_APPICON_NAME = AppIcon;
				DEVELOPMENT_TEAM = B34U9MBMKJ;
				INFOPLIST_FILE = StackedCollectionView/Info.plist;
				IPHONEOS_DEPLOYMENT_TARGET = 9.0;
				LD_RUNPATH_SEARCH_PATHS = "$(inherited) @executable_path/Frameworks";
				MODULE_NAME = ExampleApp;
				PRODUCT_BUNDLE_IDENTIFIER = "org.cocoapods.demo.$(PRODUCT_NAME:rfc1034identifier)";
				PRODUCT_NAME = "$(TARGET_NAME)";
				SWIFT_SWIFT3_OBJC_INFERENCE = Default;
				SWIFT_VERSION = 4.0;
				TARGETED_DEVICE_FAMILY = "1,2";
			};
			name = Debug;
		};
		607FACF11AFB9204008FA782 /* Release */ = {
			isa = XCBuildConfiguration;
			baseConfigurationReference = 8CE4292995C01433B489AF42 /* Pods-StackedCollectionView_Example.release.xcconfig */;
			buildSettings = {
				ASSETCATALOG_COMPILER_APPICON_NAME = AppIcon;
				DEVELOPMENT_TEAM = B34U9MBMKJ;
				INFOPLIST_FILE = StackedCollectionView/Info.plist;
				IPHONEOS_DEPLOYMENT_TARGET = 9.0;
				LD_RUNPATH_SEARCH_PATHS = "$(inherited) @executable_path/Frameworks";
				MODULE_NAME = ExampleApp;
				PRODUCT_BUNDLE_IDENTIFIER = "org.cocoapods.demo.$(PRODUCT_NAME:rfc1034identifier)";
				PRODUCT_NAME = "$(TARGET_NAME)";
				SWIFT_SWIFT3_OBJC_INFERENCE = Default;
				SWIFT_VERSION = 4.0;
				TARGETED_DEVICE_FAMILY = "1,2";
			};
			name = Release;
		};
/* End XCBuildConfiguration section */

/* Begin XCConfigurationList section */
		607FACCB1AFB9204008FA782 /* Build configuration list for PBXProject "StackedCollectionView" */ = {
			isa = XCConfigurationList;
			buildConfigurations = (
				607FACED1AFB9204008FA782 /* Debug */,
				607FACEE1AFB9204008FA782 /* Release */,
			);
			defaultConfigurationIsVisible = 0;
			defaultConfigurationName = Release;
		};
		607FACEF1AFB9204008FA782 /* Build configuration list for PBXNativeTarget "StackedCollectionView_Example" */ = {
			isa = XCConfigurationList;
			buildConfigurations = (
				607FACF01AFB9204008FA782 /* Debug */,
				607FACF11AFB9204008FA782 /* Release */,
			);
			defaultConfigurationIsVisible = 0;
			defaultConfigurationName = Release;
		};
/* End XCConfigurationList section */
	};
	rootObject = 607FACC81AFB9204008FA782 /* Project object */;
}
